
Microsoft Visual Studio Solution File, Format Version 12.00
# Visual Studio 14
VisualStudioVersion = 14.0.23107.0
MinimumVisualStudioVersion = 10.0.40219.1
Project("{FAE04EC0-301F-11D3-BF4B-00C04F79EFBC}") = "Task1", "Task1\Task1.csproj", "{4754E613-2DCF-4505-B3B4-2CC322239093}"
EndProject
Project("{FAE04EC0-301F-11D3-BF4B-00C04F79EFBC}") = "Task1.Tests", "Task1.Tests\Task1.Tests.csproj", "{C8FEA790-0D83-4790-8F70-AB2FC5CEC413}"
EndProject
Project("{FAE04EC0-301F-11D3-BF4B-00C04F79EFBC}") = "Task2", "Task2\Task2.csproj", "{C8E89A86-2447-44DB-8926-24C4C654BA44}"
EndProject
Project("{FAE04EC0-301F-11D3-BF4B-00C04F79EFBC}") = "Task2.Tests", "Task2.Tests\Task2.Tests.csproj", "{B34A6992-16E6-4537-828F-6CF12B352907}"
EndProject
Project("{FAE04EC0-301F-11D3-BF4B-00C04F79EFBC}") = "ArraySortWithInterface", "ArraySortWithInterface\ArraySortWithInterface.csproj", "{F9CEE9A5-2B41-48A6-B804-6E5BF36DF1E5}"
EndProject
Project("{FAE04EC0-301F-11D3-BF4B-00C04F79EFBC}") = "Task2Refatored", "Task2Refatored\Task2Refatored.csproj", "{3B3EF90F-F489-4AF1-B2F4-DDCFF0427CB8}"
EndProject
Global
	GlobalSection(SolutionConfigurationPlatforms) = preSolution
		Debug|Any CPU = Debug|Any CPU
		Release|Any CPU = Release|Any CPU
	EndGlobalSection
	GlobalSection(ProjectConfigurationPlatforms) = postSolution
		{4754E613-2DCF-4505-B3B4-2CC322239093}.Debug|Any CPU.ActiveCfg = Debug|Any CPU
		{4754E613-2DCF-4505-B3B4-2CC322239093}.Debug|Any CPU.Build.0 = Debug|Any CPU
		{4754E613-2DCF-4505-B3B4-2CC322239093}.Release|Any CPU.ActiveCfg = Release|Any CPU
		{4754E613-2DCF-4505-B3B4-2CC322239093}.Release|Any CPU.Build.0 = Release|Any CPU
		{C8FEA790-0D83-4790-8F70-AB2FC5CEC413}.Debug|Any CPU.ActiveCfg = Debug|Any CPU
		{C8FEA790-0D83-4790-8F70-AB2FC5CEC413}.Debug|Any CPU.Build.0 = Debug|Any CPU
		{C8FEA790-0D83-4790-8F70-AB2FC5CEC413}.Release|Any CPU.ActiveCfg = Release|Any CPU
		{C8FEA790-0D83-4790-8F70-AB2FC5CEC413}.Release|Any CPU.Build.0 = Release|Any CPU
		{C8E89A86-2447-44DB-8926-24C4C654BA44}.Debug|Any CPU.ActiveCfg = Debug|Any CPU
		{C8E89A86-2447-44DB-8926-24C4C654BA44}.Debug|Any CPU.Build.0 = Debug|Any CPU
		{C8E89A86-2447-44DB-8926-24C4C654BA44}.Release|Any CPU.ActiveCfg = Release|Any CPU
		{C8E89A86-2447-44DB-8926-24C4C654BA44}.Release|Any CPU.Build.0 = Release|Any CPU
		{B34A6992-16E6-4537-828F-6CF12B352907}.Debug|Any CPU.ActiveCfg = Debug|Any CPU
		{B34A6992-16E6-4537-828F-6CF12B352907}.Debug|Any CPU.Build.0 = Debug|Any CPU
		{B34A6992-16E6-4537-828F-6CF12B352907}.Release|Any CPU.ActiveCfg = Release|Any CPU
		{B34A6992-16E6-4537-828F-6CF12B352907}.Release|Any CPU.Build.0 = Release|Any CPU
		{F9CEE9A5-2B41-48A6-B804-6E5BF36DF1E5}.Debug|Any CPU.ActiveCfg = Debug|Any CPU
		{F9CEE9A5-2B41-48A6-B804-6E5BF36DF1E5}.Debug|Any CPU.Build.0 = Debug|Any CPU
		{F9CEE9A5-2B41-48A6-B804-6E5BF36DF1E5}.Release|Any CPU.ActiveCfg = Release|Any CPU
		{F9CEE9A5-2B41-48A6-B804-6E5BF36DF1E5}.Release|Any CPU.Build.0 = Release|Any CPU
		{3B3EF90F-F489-4AF1-B2F4-DDCFF0427CB8}.Debug|Any CPU.ActiveCfg = Debug|Any CPU
		{3B3EF90F-F489-4AF1-B2F4-DDCFF0427CB8}.Debug|Any CPU.Build.0 = Debug|Any CPU
		{3B3EF90F-F489-4AF1-B2F4-DDCFF0427CB8}.Release|Any CPU.ActiveCfg = Release|Any CPU
		{3B3EF90F-F489-4AF1-B2F4-DDCFF0427CB8}.Release|Any CPU.Build.0 = Release|Any CPU
	EndGlobalSection
	GlobalSection(SolutionProperties) = preSolution
		HideSolutionNode = FALSE
	EndGlobalSection
EndGlobal
